{
  "name": "ProceduralFractalTree",
  "lockfileVersion": 2,
  "requires": true,
  "packages": {
    "": {
      "dependencies": {
        "bulma": "^0.9.4",
        "interactjs": "^1.10.17",
        "pretty-checkbox": "^3.0.3"
      }
    },
    "node_modules/@interactjs/types": {
      "version": "1.10.17",
      "resolved": "https://registry.npmjs.org/@interactjs/types/-/types-1.10.17.tgz",
      "integrity": "sha512-X2JpoM7xUw0p9Me0tMaI0HNfcF/Hd07ZZlzpnpEMpGerUZOLoyeThrV9P+CrBHxZrluWJrigJbcdqXliFd0YMA=="
    },
    "node_modules/bulma": {
      "version": "0.9.4",
      "resolved": "https://registry.npmjs.org/bulma/-/bulma-0.9.4.tgz",
      "integrity": "sha512-86FlT5+1GrsgKbPLRRY7cGDg8fsJiP/jzTqXXVqiUZZ2aZT8uemEOHlU1CDU+TxklPEZ11HZNNWclRBBecP4CQ=="
    },
    "node_modules/interactjs": {
      "version": "1.10.17",
      "resolved": "https://registry.npmjs.org/interactjs/-/interactjs-1.10.17.tgz",
      "integrity": "sha512-grjHJgnWkCoQLmAlk2yalNd1r0ztUhXLJNVjSOfWn1wfNNgU2tx1cDEkro9WYerDNC9UG3MZTeD4O6zOM5gbIA==",
      "dependencies": {
        "@interactjs/types": "1.10.17"
      }
    },
    "node_modules/pretty-checkbox": {
      "version": "3.0.3",
      "resolved": "https://registry.npmjs.org/pretty-checkbox/-/pretty-checkbox-3.0.3.tgz",
      "integrity": "sha512-kCLsENsJ6h5Bcq106Q3YMSxuz2q3jtIXP7fgDB/+jZjUsZjRjAoL9Lr1TVwAEcugufVBhr5Mfd9L7P6d+SR+Yw=="
    }
  },
  "dependencies": {
    "@interactjs/types": {
      "version": "1.10.17",
      "resolved": "https://registry.npmjs.org/@interactjs/types/-/types-1.10.17.tgz",
      "integrity": "sha512-X2JpoM7xUw0p9Me0tMaI0HNfcF/Hd07ZZlzpnpEMpGerUZOLoyeThrV9P+CrBHxZrluWJrigJbcdqXliFd0YMA=="
    },
    "bulma": {
      "version": "0.9.4",
      "resolved": "https://registry.npmjs.org/bulma/-/bulma-0.9.4.tgz",
      "integrity": "sha512-86FlT5+1GrsgKbPLRRY7cGDg8fsJiP/jzTqXXVqiUZZ2aZT8uemEOHlU1CDU+TxklPEZ11HZNNWclRBBecP4CQ=="
    },
    "interactjs": {
      "version": "1.10.17",
      "resolved": "https://registry.npmjs.org/interactjs/-/interactjs-1.10.17.tgz",
      "integrity": "sha512-grjHJgnWkCoQLmAlk2yalNd1r0ztUhXLJNVjSOfWn1wfNNgU2tx1cDEkro9WYerDNC9UG3MZTeD4O6zOM5gbIA==",
      "requires": {
        "@interactjs/types": "1.10.17"
      }
    },
    "pretty-checkbox": {
      "version": "3.0.3",
      "resolved": "https://registry.npmjs.org/pretty-checkbox/-/pretty-checkbox-3.0.3.tgz",
      "integrity": "sha512-kCLsENsJ6h5Bcq106Q3YMSxuz2q3jtIXP7fgDB/+jZjUsZjRjAoL9Lr1TVwAEcugufVBhr5Mfd9L7P6d+SR+Yw=="
    }
  }
}
